
Microsoft Visual Studio Solution File, Format Version 12.00
# Visual Studio Version 17
VisualStudioVersion = 17.2.32526.322
MinimumVisualStudioVersion = 10.0.40219.1
Project("{F184B08F-C81C-45F6-A57F-5ABD9991F28F}") = "Minesweeper", "Minesweeper\Minesweeper.vbproj", "{E0BD05C6-0EA7-4E6B-86B3-7EAD24D55852}"
EndProject
Global
	GlobalSection(SolutionConfigurationPlatforms) = preSolution
		Debug|Any CPU = Debug|Any CPU
		Release|Any CPU = Release|Any CPU
	EndGlobalSection
	GlobalSection(ProjectConfigurationPlatforms) = postSolution
		{E0BD05C6-0EA7-4E6B-86B3-7EAD24D55852}.Debug|Any CPU.ActiveCfg = Debug|Any CPU
		{E0BD05C6-0EA7-4E6B-86B3-7EAD24D55852}.Debug|Any CPU.Build.0 = Debug|Any CPU
		{E0BD05C6-0EA7-4E6B-86B3-7EAD24D55852}.Release|Any CPU.ActiveCfg = Release|Any CPU
		{E0BD05C6-0EA7-4E6B-86B3-7EAD24D55852}.Release|Any CPU.Build.0 = Release|Any CPU
	EndGlobalSection
	GlobalSection(SolutionProperties) = preSolution
		HideSolutionNode = FALSE
	EndGlobalSection
	GlobalSection(ExtensibilityGlobals) = postSolution
		SolutionGuid = {D73B2788-0E2F-4D3F-8ED9-2F32DADDD7A5}
	EndGlobalSection
EndGlobal
